
Microsoft Visual Studio Solution File, Format Version 12.00
# Visual Studio Version 17
VisualStudioVersion = 17.14.36603.0 d17.14
MinimumVisualStudioVersion = 10.0.40219.1
Project("{FAE04EC0-301F-11D3-BF4B-00C04F79EFBC}") = "Partial Copy Paste", "Partial Copy Paste.csproj", "{D86F3D62-2306-4A36-8F61-4E619466B34B}"
EndProject
Global
	GlobalSection(SolutionConfigurationPlatforms) = preSolution
		Debug|x64 = Debug|x64
		Release|x64 = Release|x64
	EndGlobalSection
	GlobalSection(ProjectConfigurationPlatforms) = postSolution
		{D86F3D62-2306-4A36-8F61-4E619466B34B}.Debug|x64.ActiveCfg = Debug|x64
		{D86F3D62-2306-4A36-8F61-4E619466B34B}.Debug|x64.Build.0 = Debug|x64
		{D86F3D62-2306-4A36-8F61-4E619466B34B}.Release|x64.ActiveCfg = Release|x64
		{D86F3D62-2306-4A36-8F61-4E619466B34B}.Release|x64.Build.0 = Release|x64
	EndGlobalSection
	GlobalSection(SolutionProperties) = preSolution
		HideSolutionNode = FALSE
	EndGlobalSection
	GlobalSection(ExtensibilityGlobals) = postSolution
		SolutionGuid = {F7BCD961-5737-4BE3-B7A7-E56769E4493F}
	EndGlobalSection
EndGlobal
